
Microsoft Visual Studio Solution File, Format Version 11.00
# Visual Studio 2010
Project("{FAE04EC0-301F-11D3-BF4B-00C04F79EFBC}") = "Assembly-CSharp-Editor", "Assembly-CSharp-Editor.csproj", "{2b2e6187-5075-8c9f-a8fc-5f56f995216f}"
EndProject
Project("{FAE04EC0-301F-11D3-BF4B-00C04F79EFBC}") = "Assembly-CSharp", "Assembly-CSharp.csproj", "{84652082-d511-e5e1-d612-6c15efa8b6fa}"
EndProject
Global
	GlobalSection(SolutionConfigurationPlatforms) = preSolution
		Debug|Any CPU = Debug|Any CPU
	EndGlobalSection
	GlobalSection(ProjectConfigurationPlatforms) = postSolution
		{2b2e6187-5075-8c9f-a8fc-5f56f995216f}.Debug|Any CPU.ActiveCfg = Debug|Any CPU
		{2b2e6187-5075-8c9f-a8fc-5f56f995216f}.Debug|Any CPU.Build.0 = Debug|Any CPU
		{84652082-d511-e5e1-d612-6c15efa8b6fa}.Debug|Any CPU.ActiveCfg = Debug|Any CPU
		{84652082-d511-e5e1-d612-6c15efa8b6fa}.Debug|Any CPU.Build.0 = Debug|Any CPU
	EndGlobalSection
	GlobalSection(SolutionProperties) = preSolution
		HideSolutionNode = FALSE
	EndGlobalSection
EndGlobal
